
Microsoft Visual Studio Solution File, Format Version 12.00
# Visual Studio Version 17
VisualStudioVersion = 17.1.32228.430
MinimumVisualStudioVersion = 10.0.40219.1
Project("{FAE04EC0-301F-11D3-BF4B-00C04F79EFBC}") = "Wspolbiezne", "Wspolbiezne\Wspolbiezne.csproj", "{BCC4C7D7-6596-429A-B09D-F04431096A30}"
EndProject
Project("{FAE04EC0-301F-11D3-BF4B-00C04F79EFBC}") = "TestProject1", "TestProject1\TestProject1.csproj", "{6447B9BB-6C11-41B5-904C-12E0EEF12EBD}"
EndProject
Global
	GlobalSection(SolutionConfigurationPlatforms) = preSolution
		Debug|Any CPU = Debug|Any CPU
		Release|Any CPU = Release|Any CPU
	EndGlobalSection
	GlobalSection(ProjectConfigurationPlatforms) = postSolution
		{BCC4C7D7-6596-429A-B09D-F04431096A30}.Debug|Any CPU.ActiveCfg = Debug|Any CPU
		{BCC4C7D7-6596-429A-B09D-F04431096A30}.Debug|Any CPU.Build.0 = Debug|Any CPU
		{BCC4C7D7-6596-429A-B09D-F04431096A30}.Release|Any CPU.ActiveCfg = Release|Any CPU
		{BCC4C7D7-6596-429A-B09D-F04431096A30}.Release|Any CPU.Build.0 = Release|Any CPU
		{6447B9BB-6C11-41B5-904C-12E0EEF12EBD}.Debug|Any CPU.ActiveCfg = Debug|Any CPU
		{6447B9BB-6C11-41B5-904C-12E0EEF12EBD}.Debug|Any CPU.Build.0 = Debug|Any CPU
		{6447B9BB-6C11-41B5-904C-12E0EEF12EBD}.Release|Any CPU.ActiveCfg = Release|Any CPU
		{6447B9BB-6C11-41B5-904C-12E0EEF12EBD}.Release|Any CPU.Build.0 = Release|Any CPU
	EndGlobalSection
	GlobalSection(SolutionProperties) = preSolution
		HideSolutionNode = FALSE
	EndGlobalSection
	GlobalSection(ExtensibilityGlobals) = postSolution
		SolutionGuid = {53BD1FAD-CC6D-4097-AC08-DE850672AE99}
	EndGlobalSection
EndGlobal
